lockfileVersion: '9.0'

settings:
  autoInstallPeers: true
  excludeLinksFromLockfile: false

importers:

  .:
    dependencies:
      topojson-client:
        specifier: ^3.1.0
        version: 3.1.0
      topojson-simplify:
        specifier: ^3.0.3
        version: 3.0.3
      us-atlas:
        specifier: ^3.0.1
        version: 3.0.1

packages:

  commander@2.20.3:
    resolution: {integrity: sha512-GpVkmM8vF2vQUkj2LvZmD35JxeJOLCwJ9cUkugyk2nuhbv3+mJvpLYYt+0+USMxE+oj+ey/lJEnhZw75x/OMcQ==}

  topojson-client@3.1.0:
    resolution: {integrity: sha512-605uxS6bcYxGXw9qi62XyrV6Q3xwbndjachmNxu8HWTtVPxZfEJN9fd/SZS1Q54Sn2y0TMyMxFj/cJINqGHrKw==}
    hasBin: true

  topojson-simplify@3.0.3:
    resolution: {integrity: sha512-V+pBjLVzSQ3+hSOxBiV01OVXgFiCmMO8ia3huxKEyIMTC1ApQHBcdXdOqcQ6U2JJJD31TZduwY6KyF15R8sUgg==}
    hasBin: true

  us-atlas@3.0.1:
    resolution: {integrity: sha512-wEIZCq0ImPvGblTd8gZMqNNCPkQshugMUG/8nkSWXb02+XqNFREg9atHOKP9w6prLZTpqcLhSvdBW81MkV3/0Q==}

snapshots:

  commander@2.20.3: {}

  topojson-client@3.1.0:
    dependencies:
      commander: 2.20.3

  topojson-simplify@3.0.3:
    dependencies:
      commander: 2.20.3
      topojson-client: 3.1.0

  us-atlas@3.0.1: {}
